
Microsoft Visual Studio Solution File, Format Version 12.00
# Visual Studio Version 17
VisualStudioVersion = 17.13.35919.96 d17.13
MinimumVisualStudioVersion = 10.0.40219.1
Project("{FAE04EC0-301F-11D3-BF4B-00C04F79EFBC}") = "ParkingReservation", "ParkingReservation.csproj", "{3359C94D-7914-4025-BFC4-AAD9E0ACCF6F}"
EndProject
Global
	GlobalSection(SolutionConfigurationPlatforms) = preSolution
		Debug|Any CPU = Debug|Any CPU
		Release|Any CPU = Release|Any CPU
	EndGlobalSection
	GlobalSection(ProjectConfigurationPlatforms) = postSolution
		{3359C94D-7914-4025-BFC4-AAD9E0ACCF6F}.Debug|Any CPU.ActiveCfg = Debug|Any CPU
		{3359C94D-7914-4025-BFC4-AAD9E0ACCF6F}.Debug|Any CPU.Build.0 = Debug|Any CPU
		{3359C94D-7914-4025-BFC4-AAD9E0ACCF6F}.Release|Any CPU.ActiveCfg = Release|Any CPU
		{3359C94D-7914-4025-BFC4-AAD9E0ACCF6F}.Release|Any CPU.Build.0 = Release|Any CPU
	EndGlobalSection
	GlobalSection(SolutionProperties) = preSolution
		HideSolutionNode = FALSE
	EndGlobalSection
	GlobalSection(ExtensibilityGlobals) = postSolution
		SolutionGuid = {A2E391F9-B7D5-488F-BCDD-7419D0CF392E}
	EndGlobalSection
EndGlobal
